// !$*UTF8*$!
{
	archiveVersion = 1;
	classes = {
	};
	objectVersion = 56;
	objects = {

/* Begin PBXBuildFile section */
		EFA800BC2C1485C3008C1C42 /* AppDelegate.swift in Sources */ = {isa = PBXBuildFile; fileRef = EFA800BB2C1485C3008C1C42 /* AppDelegate.swift */; };
		EFA800BE2C1485C3008C1C42 /* SceneDelegate.swift in Sources */ = {isa = PBXBuildFile; fileRef = EFA800BD2C1485C3008C1C42 /* SceneDelegate.swift */; };
		EFA800C02C1485C3008C1C42 /* HomeController.swift in Sources */ = {isa = PBXBuildFile; fileRef = EFA800BF2C1485C3008C1C42 /* HomeController.swift */; };
		EFA800C52C1485C4008C1C42 /* Assets.xcassets in Resources */ = {isa = PBXBuildFile; fileRef = EFA800C42C1485C4008C1C42 /* Assets.xcassets */; };
		EFA800C82C1485C4008C1C42 /* LaunchScreen.storyboard in Resources */ = {isa = PBXBuildFile; fileRef = EFA800C62C1485C4008C1C42 /* LaunchScreen.storyboard */; };
		EFA800D52C1487F3008C1C42 /* HomeView.swift in Sources */ = {isa = PBXBuildFile; fileRef = EFA800D42C1487F3008C1C42 /* HomeView.swift */; };
/* End PBXBuildFile section */

/* Begin PBXFileReference section */
		EFA800B82C1485C3008C1C42 /* ScroolViewBFAoVivo.app */ = {isa = PBXFileReference; explicitFileType = wrapper.application; includeInIndex = 0; path = ScroolViewBFAoVivo.app; sourceTree = BUILT_PRODUCTS_DIR; };
		EFA800BB2C1485C3008C1C42 /* AppDelegate.swift */ = {isa = PBXFileReference; lastKnownFileType = sourcecode.swift; path = AppDelegate.swift; sourceTree = "<group>"; };
		EFA800BD2C1485C3008C1C42 /* SceneDelegate.swift */ = {isa = PBXFileReference; lastKnownFileType = sourcecode.swift; path = SceneDelegate.swift; sourceTree = "<group>"; };
		EFA800BF2C1485C3008C1C42 /* HomeController.swift */ = {isa = PBXFileReference; lastKnownFileType = sourcecode.swift; path = HomeController.swift; sourceTree = "<group>"; };
		EFA800C42C1485C4008C1C42 /* Assets.xcassets */ = {isa = PBXFileReference; lastKnownFileType = folder.assetcatalog; path = Assets.xcassets; sourceTree = "<group>"; };
		EFA800C72C1485C4008C1C42 /* Base */ = {isa = PBXFileReference; lastKnownFileType = file.storyboard; name = Base; path = Base.lproj/LaunchScreen.storyboard; sourceTree = "<group>"; };
		EFA800C92C1485C4008C1C42 /* Info.plist */ = {isa = PBXFileReference; lastKnownFileType = text.plist.xml; path = Info.plist; sourceTree = "<group>"; };
		EFA800D42C1487F3008C1C42 /* HomeView.swift */ = {isa = PBXFileReference; lastKnownFileType = sourcecode.swift; path = HomeView.swift; sourceTree = "<group>"; };
/* End PBXFileReference section */

/* Begin PBXFrameworksBuildPhase section */
		EFA800B52C1485C3008C1C42 /* Frameworks */ = {
			isa = PBXFrameworksBuildPhase;
			buildActionMask = 2147483647;
			files = (
			);
			runOnlyForDeploymentPostprocessing = 0;
		};
/* End PBXFrameworksBuildPhase section */

/* Begin PBXGroup section */
		EFA800AF2C1485C3008C1C42 = {
			isa = PBXGroup;
			children = (
				EFA800BA2C1485C3008C1C42 /* ScroolViewBFAoVivo */,
				EFA800B92C1485C3008C1C42 /* Products */,
			);
			sourceTree = "<group>";
		};
		EFA800B92C1485C3008C1C42 /* Products */ = {
			isa = PBXGroup;
			children = (
				EFA800B82C1485C3008C1C42 /* ScroolViewBFAoVivo.app */,
			);
			name = Products;
			sourceTree = "<group>";
		};
		EFA800BA2C1485C3008C1C42 /* ScroolViewBFAoVivo */ = {
			isa = PBXGroup;
			children = (
				EFA800D02C148784008C1C42 /* Feature */,
				EFA800CF2C14865A008C1C42 /* App */,
				EFA800C42C1485C4008C1C42 /* Assets.xcassets */,
				EFA800C62C1485C4008C1C42 /* LaunchScreen.storyboard */,
				EFA800C92C1485C4008C1C42 /* Info.plist */,
			);
			path = ScroolViewBFAoVivo;
			sourceTree = "<group>";
		};
		EFA800CF2C14865A008C1C42 /* App */ = {
			isa = PBXGroup;
			children = (
				EFA800BD2C1485C3008C1C42 /* SceneDelegate.swift */,
				EFA800BB2C1485C3008C1C42 /* AppDelegate.swift */,
			);
			path = App;
			sourceTree = "<group>";
		};
		EFA800D02C148784008C1C42 /* Feature */ = {
			isa = PBXGroup;
			children = (
				EFA800D12C148790008C1C42 /* Home */,
			);
			path = Feature;
			sourceTree = "<group>";
		};
		EFA800D12C148790008C1C42 /* Home */ = {
			isa = PBXGroup;
			children = (
				EFA800D32C1487AA008C1C42 /* View */,
				EFA800D22C1487A1008C1C42 /* Controller */,
				EFA800BF2C1485C3008C1C42 /* HomeController.swift */,
			);
			path = Home;
			sourceTree = "<group>";
		};
		EFA800D22C1487A1008C1C42 /* Controller */ = {
			isa = PBXGroup;
			children = (
			);
			path = Controller;
			sourceTree = "<group>";
		};
		EFA800D32C1487AA008C1C42 /* View */ = {
			isa = PBXGroup;
			children = (
				EFA800D42C1487F3008C1C42 /* HomeView.swift */,
			);
			path = View;
			sourceTree = "<group>";
		};
/* End PBXGroup section */

/* Begin PBXNativeTarget section */
		EFA800B72C1485C3008C1C42 /* ScroolViewBFAoVivo */ = {
			isa = PBXNativeTarget;
			buildConfigurationList = EFA800CC2C1485C4008C1C42 /* Build configuration list for PBXNativeTarget "ScroolViewBFAoVivo" */;
			buildPhases = (
				EFA800B42C1485C3008C1C42 /* Sources */,
				EFA800B52C1485C3008C1C42 /* Frameworks */,
				EFA800B62C1485C3008C1C42 /* Resources */,
			);
			buildRules = (
			);
			dependencies = (
			);
			name = ScroolViewBFAoVivo;
			productName = ScroolViewBFAoVivo;
			productReference = EFA800B82C1485C3008C1C42 /* ScroolViewBFAoVivo.app */;
			productType = "com.apple.product-type.application";
		};
/* End PBXNativeTarget section */

/* Begin PBXProject section */
		EFA800B02C1485C3008C1C42 /* Project object */ = {
			isa = PBXProject;
			attributes = {
				BuildIndependentTargetsInParallel = 1;
				LastSwiftUpdateCheck = 1500;
				LastUpgradeCheck = 1500;
				TargetAttributes = {
					EFA800B72C1485C3008C1C42 = {
						CreatedOnToolsVersion = 15.0.1;
					};
				};
			};
			buildConfigurationList = EFA800B32C1485C3008C1C42 /* Build configuration list for PBXProject "ScroolViewBFAoVivo" */;
			compatibilityVersion = "Xcode 14.0";
			developmentRegion = en;
			hasScannedForEncodings = 0;
			knownRegions = (
				en,
				Base,
			);
			mainGroup = EFA800AF2C1485C3008C1C42;
			productRefGroup = EFA800B92C1485C3008C1C42 /* Products */;
			projectDirPath = "";
			projectRoot = "";
			targets = (
				EFA800B72C1485C3008C1C42 /* ScroolViewBFAoVivo */,
			);
		};
/* End PBXProject section */

/* Begin PBXResourcesBuildPhase section */
		EFA800B62C1485C3008C1C42 /* Resources */ = {
			isa = PBXResourcesBuildPhase;
			buildActionMask = 2147483647;
			files = (
				EFA800C82C1485C4008C1C42 /* LaunchScreen.storyboard in Resources */,
				EFA800C52C1485C4008C1C42 /* Assets.xcassets in Resources */,
			);
			runOnlyForDeploymentPostprocessing = 0;
		};
/* End PBXResourcesBuildPhase section */

/* Begin PBXSourcesBuildPhase section */
		EFA800B42C1485C3008C1C42 /* Sources */ = {
			isa = PBXSourcesBuildPhase;
			buildActionMask = 2147483647;
			files = (
				EFA800C02C1485C3008C1C42 /* HomeController.swift in Sources */,
				EFA800D52C1487F3008C1C42 /* HomeView.swift in Sources */,
				EFA800BC2C1485C3008C1C42 /* AppDelegate.swift in Sources */,
				EFA800BE2C1485C3008C1C42 /* SceneDelegate.swift in Sources */,
			);
			runOnlyForDeploymentPostprocessing = 0;
		};
/* End PBXSourcesBuildPhase section */

/* Begin PBXVariantGroup section */
		EFA800C62C1485C4008C1C42 /* LaunchScreen.storyboard */ = {
			isa = PBXVariantGroup;
			children = (
				EFA800C72C1485C4008C1C42 /* Base */,
			);
			name = LaunchScreen.storyboard;
			sourceTree = "<group>";
		};
/* End PBXVariantGroup section */

/* Begin XCBuildConfiguration section */
		EFA800CA2C1485C4008C1C42 /* Debug */ = {
			isa = XCBuildConfiguration;
			buildSettings = {
				ALWAYS_SEARCH_USER_PATHS = NO;
				ASSETCATALOG_COMPILER_GENERATE_SWIFT_ASSET_SYMBOL_EXTENSIONS = YES;
				CLANG_ANALYZER_NONNULL = YES;
				CLANG_ANALYZER_NUMBER_OBJECT_CONVERSION = YES_AGGRESSIVE;
				CLANG_CXX_LANGUAGE_STANDARD = "gnu++20";
				CLANG_ENABLE_MODULES = YES;
				CLANG_ENABLE_OBJC_ARC = YES;
				CLANG_ENABLE_OBJC_WEAK = YES;
				CLANG_WARN_BLOCK_CAPTURE_AUTORELEASING = YES;
				CLANG_WARN_BOOL_CONVERSION = YES;
				CLANG_WARN_COMMA = YES;
				CLANG_WARN_CONSTANT_CONVERSION = YES;
				CLANG_WARN_DEPRECATED_OBJC_IMPLEMENTATIONS = YES;
				CLANG_WARN_DIRECT_OBJC_ISA_USAGE = YES_ERROR;
				CLANG_WARN_DOCUMENTATION_COMMENTS = YES;
				CLANG_WARN_EMPTY_BODY = YES;
				CLANG_WARN_ENUM_CONVERSION = YES;
				CLANG_WARN_INFINITE_RECURSION = YES;
				CLANG_WARN_INT_CONVERSION = YES;
				CLANG_WARN_NON_LITERAL_NULL_CONVERSION = YES;
				CLANG_WARN_OBJC_IMPLICIT_RETAIN_SELF = YES;
				CLANG_WARN_OBJC_LITERAL_CONVERSION = YES;
				CLANG_WARN_OBJC_ROOT_CLASS = YES_ERROR;
				CLANG_WARN_QUOTED_INCLUDE_IN_FRAMEWORK_HEADER = YES;
				CLANG_WARN_RANGE_LOOP_ANALYSIS = YES;
				CLANG_WARN_STRICT_PROTOTYPES = YES;
				CLANG_WARN_SUSPICIOUS_MOVE = YES;
				CLANG_WARN_UNGUARDED_AVAILABILITY = YES_AGGRESSIVE;
				CLANG_WARN_UNREACHABLE_CODE = YES;
				CLANG_WARN__DUPLICATE_METHOD_MATCH = YES;
				COPY_PHASE_STRIP = NO;
				DEBUG_INFORMATION_FORMAT = dwarf;
				ENABLE_STRICT_OBJC_MSGSEND = YES;
				ENABLE_TESTABILITY = YES;
				ENABLE_USER_SCRIPT_SANDBOXING = YES;
				GCC_C_LANGUAGE_STANDARD = gnu17;
				GCC_DYNAMIC_NO_PIC = NO;
				GCC_NO_COMMON_BLOCKS = YES;
				GCC_OPTIMIZATION_LEVEL = 0;
				GCC_PREPROCESSOR_DEFINITIONS = (
					"DEBUG=1",
					"$(inherited)",
				);
				GCC_WARN_64_TO_32_BIT_CONVERSION = YES;
				GCC_WARN_ABOUT_RETURN_TYPE = YES_ERROR;
				GCC_WARN_UNDECLARED_SELECTOR = YES;
				GCC_WARN_UNINITIALIZED_AUTOS = YES_AGGRESSIVE;
				GCC_WARN_UNUSED_FUNCTION = YES;
				GCC_WARN_UNUSED_VARIABLE = YES;
				IPHONEOS_DEPLOYMENT_TARGET = 17.0;
				LOCALIZATION_PREFERS_STRING_CATALOGS = YES;
				MTL_ENABLE_DEBUG_INFO = INCLUDE_SOURCE;
				MTL_FAST_MATH = YES;
				ONLY_ACTIVE_ARCH = YES;
				SDKROOT = iphoneos;
				SWIFT_ACTIVE_COMPILATION_CONDITIONS = "DEBUG $(inherited)";
				SWIFT_OPTIMIZATION_LEVEL = "-Onone";
			};
			name = Debug;
		};
		EFA800CB2C1485C4008C1C42 /* Release */ = {
			isa = XCBuildConfiguration;
			buildSettings = {
				ALWAYS_SEARCH_USER_PATHS = NO;
				ASSETCATALOG_COMPILER_GENERATE_SWIFT_ASSET_SYMBOL_EXTENSIONS = YES;
				CLANG_ANALYZER_NONNULL = YES;
				CLANG_ANALYZER_NUMBER_OBJECT_CONVERSION = YES_AGGRESSIVE;
				CLANG_CXX_LANGUAGE_STANDARD = "gnu++20";
				CLANG_ENABLE_MODULES = YES;
				CLANG_ENABLE_OBJC_ARC = YES;
				CLANG_ENABLE_OBJC_WEAK = YES;
				CLANG_WARN_BLOCK_CAPTURE_AUTORELEASING = YES;
				CLANG_WARN_BOOL_CONVERSION = YES;
				CLANG_WARN_COMMA = YES;
				CLANG_WARN_CONSTANT_CONVERSION = YES;
				CLANG_WARN_DEPRECATED_OBJC_IMPLEMENTATIONS = YES;
				CLANG_WARN_DIRECT_OBJC_ISA_USAGE = YES_ERROR;
				CLANG_WARN_DOCUMENTATION_COMMENTS = YES;
				CLANG_WARN_EMPTY_BODY = YES;
				CLANG_WARN_ENUM_CONVERSION = YES;
				CLANG_WARN_INFINITE_RECURSION = YES;
				CLANG_WARN_INT_CONVERSION = YES;
				CLANG_WARN_NON_LITERAL_NULL_CONVERSION = YES;
				CLANG_WARN_OBJC_IMPLICIT_RETAIN_SELF = YES;
				CLANG_WARN_OBJC_LITERAL_CONVERSION = YES;
				CLANG_WARN_OBJC_ROOT_CLASS = YES_ERROR;
				CLANG_WARN_QUOTED_INCLUDE_IN_FRAMEWORK_HEADER = YES;
				CLANG_WARN_RANGE_LOOP_ANALYSIS = YES;
				CLANG_WARN_STRICT_PROTOTYPES = YES;
				CLANG_WARN_SUSPICIOUS_MOVE = YES;
				CLANG_WARN_UNGUARDED_AVAILABILITY = YES_AGGRESSIVE;
				CLANG_WARN_UNREACHABLE_CODE = YES;
				CLANG_WARN__DUPLICATE_METHOD_MATCH = YES;
				COPY_PHASE_STRIP = NO;
				DEBUG_INFORMATION_FORMAT = "dwarf-with-dsym";
				ENABLE_NS_ASSERTIONS = NO;
				ENABLE_STRICT_OBJC_MSGSEND = YES;
				ENABLE_USER_SCRIPT_SANDBOXING = YES;
				GCC_C_LANGUAGE_STANDARD = gnu17;
				GCC_NO_COMMON_BLOCKS = YES;
				GCC_WARN_64_TO_32_BIT_CONVERSION = YES;
				GCC_WARN_ABOUT_RETURN_TYPE = YES_ERROR;
				GCC_WARN_UNDECLARED_SELECTOR = YES;
				GCC_WARN_UNINITIALIZED_AUTOS = YES_AGGRESSIVE;
				GCC_WARN_UNUSED_FUNCTION = YES;
				GCC_WARN_UNUSED_VARIABLE = YES;
				IPHONEOS_DEPLOYMENT_TARGET = 17.0;
				LOCALIZATION_PREFERS_STRING_CATALOGS = YES;
				MTL_ENABLE_DEBUG_INFO = NO;
				MTL_FAST_MATH = YES;
				SDKROOT = iphoneos;
				SWIFT_COMPILATION_MODE = wholemodule;
				VALIDATE_PRODUCT = YES;
			};
			name = Release;
		};
		EFA800CD2C1485C4008C1C42 /* Debug */ = {
			isa = XCBuildConfiguration;
			buildSettings = {
				ASSETCATALOG_COMPILER_APPICON_NAME = AppIcon;
				ASSETCATALOG_COMPILER_GLOBAL_ACCENT_COLOR_NAME = AccentColor;
				CODE_SIGN_STYLE = Automatic;
				CURRENT_PROJECT_VERSION = 1;
				DEVELOPMENT_TEAM = 4US7JFD5KR;
				GENERATE_INFOPLIST_FILE = YES;
				INFOPLIST_FILE = ScroolViewBFAoVivo/Info.plist;
				INFOPLIST_KEY_UIApplicationSupportsIndirectInputEvents = YES;
				INFOPLIST_KEY_UILaunchStoryboardName = LaunchScreen;
				INFOPLIST_KEY_UIMainStoryboardFile = "";
				INFOPLIST_KEY_UISupportedInterfaceOrientations_iPad = "UIInterfaceOrientationPortrait UIInterfaceOrientationPortraitUpsideDown UIInterfaceOrientationLandscapeLeft UIInterfaceOrientationLandscapeRight";
				INFOPLIST_KEY_UISupportedInterfaceOrientations_iPhone = "UIInterfaceOrientationPortrait UIInterfaceOrientationLandscapeLeft UIInterfaceOrientationLandscapeRight";
				LD_RUNPATH_SEARCH_PATHS = (
					"$(inherited)",
					"@executable_path/Frameworks",
				);
				MARKETING_VERSION = 1.0;
				PRODUCT_BUNDLE_IDENTIFIER = com.lucasleonardofr.ScroolViewBFAoVivo;
				PRODUCT_NAME = "$(TARGET_NAME)";
				SWIFT_EMIT_LOC_STRINGS = YES;
				SWIFT_VERSION = 5.0;
				TARGETED_DEVICE_FAMILY = "1,2";
			};
			name = Debug;
		};
		EFA800CE2C1485C4008C1C42 /* Release */ = {
			isa = XCBuildConfiguration;
			buildSettings = {
				ASSETCATALOG_COMPILER_APPICON_NAME = AppIcon;
				ASSETCATALOG_COMPILER_GLOBAL_ACCENT_COLOR_NAME = AccentColor;
				CODE_SIGN_STYLE = Automatic;
				CURRENT_PROJECT_VERSION = 1;
				DEVELOPMENT_TEAM = 4US7JFD5KR;
				GENERATE_INFOPLIST_FILE = YES;
				INFOPLIST_FILE = ScroolViewBFAoVivo/Info.plist;
				INFOPLIST_KEY_UIApplicationSupportsIndirectInputEvents = YES;
				INFOPLIST_KEY_UILaunchStoryboardName = LaunchScreen;
				INFOPLIST_KEY_UIMainStoryboardFile = "";
				INFOPLIST_KEY_UISupportedInterfaceOrientations_iPad = "UIInterfaceOrientationPortrait UIInterfaceOrientationPortraitUpsideDown UIInterfaceOrientationLandscapeLeft UIInterfaceOrientationLandscapeRight";
				INFOPLIST_KEY_UISupportedInterfaceOrientations_iPhone = "UIInterfaceOrientationPortrait UIInterfaceOrientationLandscapeLeft UIInterfaceOrientationLandscapeRight";
				LD_RUNPATH_SEARCH_PATHS = (
					"$(inherited)",
					"@executable_path/Frameworks",
				);
				MARKETING_VERSION = 1.0;
				PRODUCT_BUNDLE_IDENTIFIER = com.lucasleonardofr.ScroolViewBFAoVivo;
				PRODUCT_NAME = "$(TARGET_NAME)";
				SWIFT_EMIT_LOC_STRINGS = YES;
				SWIFT_VERSION = 5.0;
				TARGETED_DEVICE_FAMILY = "1,2";
			};
			name = Release;
		};
/* End XCBuildConfiguration section */

/* Begin XCConfigurationList section */
		EFA800B32C1485C3008C1C42 /* Build configuration list for PBXProject "ScroolViewBFAoVivo" */ = {
			isa = XCConfigurationList;
			buildConfigurations = (
				EFA800CA2C1485C4008C1C42 /* Debug */,
				EFA800CB2C1485C4008C1C42 /* Release */,
			);
			defaultConfigurationIsVisible = 0;
			defaultConfigurationName = Release;
		};
		EFA800CC2C1485C4008C1C42 /* Build configuration list for PBXNativeTarget "ScroolViewBFAoVivo" */ = {
			isa = XCConfigurationList;
			buildConfigurations = (
				EFA800CD2C1485C4008C1C42 /* Debug */,
				EFA800CE2C1485C4008C1C42 /* Release */,
			);
			defaultConfigurationIsVisible = 0;
			defaultConfigurationName = Release;
		};
/* End XCConfigurationList section */
	};
	rootObject = EFA800B02C1485C3008C1C42 /* Project object */;
}
